
Microsoft Visual Studio Solution File, Format Version 12.00
# Visual Studio 15
VisualStudioVersion = 15.0.27004.2010
MinimumVisualStudioVersion = 10.0.40219.1
Project("{FAE04EC0-301F-11D3-BF4B-00C04F79EFBC}") = "SofiePorteFolio", "SofiePorteFolio\SofiePorteFolio.csproj", "{A174C94F-557A-4457-A22D-B0453FE9399A}"
EndProject
Global
	GlobalSection(SolutionConfigurationPlatforms) = preSolution
		Debug|Any CPU = Debug|Any CPU
		Release|Any CPU = Release|Any CPU
	EndGlobalSection
	GlobalSection(ProjectConfigurationPlatforms) = postSolution
		{A174C94F-557A-4457-A22D-B0453FE9399A}.Debug|Any CPU.ActiveCfg = Debug|Any CPU
		{A174C94F-557A-4457-A22D-B0453FE9399A}.Debug|Any CPU.Build.0 = Debug|Any CPU
		{A174C94F-557A-4457-A22D-B0453FE9399A}.Release|Any CPU.ActiveCfg = Release|Any CPU
		{A174C94F-557A-4457-A22D-B0453FE9399A}.Release|Any CPU.Build.0 = Release|Any CPU
	EndGlobalSection
	GlobalSection(SolutionProperties) = preSolution
		HideSolutionNode = FALSE
	EndGlobalSection
	GlobalSection(ExtensibilityGlobals) = postSolution
		SolutionGuid = {78B080EC-B1F9-4422-970B-B94699723165}
	EndGlobalSection
EndGlobal
